
Microsoft Visual Studio Solution File, Format Version 12.00
# Visual Studio 15
VisualStudioVersion = 15.0.26730.12
MinimumVisualStudioVersion = 10.0.40219.1
Project("{FAE04EC0-301F-11D3-BF4B-00C04F79EFBC}") = "AplicacionWebMVC", "AplicacionWebMVC\AplicacionWebMVC.csproj", "{0C67664A-4391-4544-8053-6DE6433BF139}"
EndProject
Global
	GlobalSection(SolutionConfigurationPlatforms) = preSolution
		Debug|Any CPU = Debug|Any CPU
		Release|Any CPU = Release|Any CPU
	EndGlobalSection
	GlobalSection(ProjectConfigurationPlatforms) = postSolution
		{0C67664A-4391-4544-8053-6DE6433BF139}.Debug|Any CPU.ActiveCfg = Debug|Any CPU
		{0C67664A-4391-4544-8053-6DE6433BF139}.Debug|Any CPU.Build.0 = Debug|Any CPU
		{0C67664A-4391-4544-8053-6DE6433BF139}.Release|Any CPU.ActiveCfg = Release|Any CPU
		{0C67664A-4391-4544-8053-6DE6433BF139}.Release|Any CPU.Build.0 = Release|Any CPU
	EndGlobalSection
	GlobalSection(SolutionProperties) = preSolution
		HideSolutionNode = FALSE
	EndGlobalSection
	GlobalSection(ExtensibilityGlobals) = postSolution
		SolutionGuid = {762DA381-DFAB-495F-A6FA-7B1B2E898334}
	EndGlobalSection
EndGlobal
